// !$*UTF8*$!
{
	archiveVersion = 1;
	classes = {
	};
	objectVersion = 56;
	objects = {

/* Begin PBXBuildFile section */
		DE17390C2C06101000C13BCB /* FoodMenuRowView.swift in Sources */ = {isa = PBXBuildFile; fileRef = DE17390B2C06101000C13BCB /* FoodMenuRowView.swift */; };
		DE61C9322C1205D30058FEEF /* ScrollableTabActionExampleTests.swift in Sources */ = {isa = PBXBuildFile; fileRef = DE61C9312C1205D30058FEEF /* ScrollableTabActionExampleTests.swift */; };
		DE61C94C2C2207EB0058FEEF /* Testing in Frameworks */ = {isa = PBXBuildFile; productRef = DE61C94B2C2207EB0058FEEF /* Testing */; };
		DE64D28A2C0778170065D0F3 /* OffsetPreferenceKey.swift in Sources */ = {isa = PBXBuildFile; fileRef = DE64D2892C0778170065D0F3 /* OffsetPreferenceKey.swift */; };
		DE64D28C2C0778CD0065D0F3 /* AutoScrollingTabsExtension.swift in Sources */ = {isa = PBXBuildFile; fileRef = DE64D28B2C0778CD0065D0F3 /* AutoScrollingTabsExtension.swift */; };
		DEB4146C2BEA7D2300DEF655 /* ScrollableTabActionExampleApp.swift in Sources */ = {isa = PBXBuildFile; fileRef = DEB4146B2BEA7D2300DEF655 /* ScrollableTabActionExampleApp.swift */; };
		DEB4146E2BEA7D2300DEF655 /* ContentView.swift in Sources */ = {isa = PBXBuildFile; fileRef = DEB4146D2BEA7D2300DEF655 /* ContentView.swift */; };
		DEB414702BEA7D2400DEF655 /* Assets.xcassets in Resources */ = {isa = PBXBuildFile; fileRef = DEB4146F2BEA7D2400DEF655 /* Assets.xcassets */; };
		DEB414732BEA7D2400DEF655 /* Preview Assets.xcassets in Resources */ = {isa = PBXBuildFile; fileRef = DEB414722BEA7D2400DEF655 /* Preview Assets.xcassets */; };
		DEB4147C2BEA819600DEF655 /* AppDelegate.swift in Sources */ = {isa = PBXBuildFile; fileRef = DEB4147B2BEA819600DEF655 /* AppDelegate.swift */; };
		DEB4147F2BEA85EC00DEF655 /* FirstAppearExtension.swift in Sources */ = {isa = PBXBuildFile; fileRef = DEB4147E2BEA85EC00DEF655 /* FirstAppearExtension.swift */; };
		DEB414832BEA868100DEF655 /* ColorExtension.swift in Sources */ = {isa = PBXBuildFile; fileRef = DEB414822BEA868100DEF655 /* ColorExtension.swift */; };
		DEB414852BEA869100DEF655 /* UIColorExtension.swift in Sources */ = {isa = PBXBuildFile; fileRef = DEB414842BEA869000DEF655 /* UIColorExtension.swift */; };
		DEB414892BEA89F200DEF655 /* FoodMenuScreen.swift in Sources */ = {isa = PBXBuildFile; fileRef = DEB414882BEA89F200DEF655 /* FoodMenuScreen.swift */; };
		DEB4148B2BEA89FB00DEF655 /* PremiumPosterScreen.swift in Sources */ = {isa = PBXBuildFile; fileRef = DEB4148A2BEA89FB00DEF655 /* PremiumPosterScreen.swift */; };
		DEB4148F2BEC2BC200DEF655 /* PosterLineupModel.swift in Sources */ = {isa = PBXBuildFile; fileRef = DEB4148E2BEC2BC200DEF655 /* PosterLineupModel.swift */; };
		DEB414922BEC2F3100DEF655 /* FoodMenuViewStateProvider.swift in Sources */ = {isa = PBXBuildFile; fileRef = DEB414912BEC2F3100DEF655 /* FoodMenuViewStateProvider.swift */; };
		DEB414942BEC2F4500DEF655 /* PremiumPosterViewStateProvider.swift in Sources */ = {isa = PBXBuildFile; fileRef = DEB414932BEC2F4500DEF655 /* PremiumPosterViewStateProvider.swift */; };
		DEB414962BED9F6800DEF655 /* CGFloatExtension.swift in Sources */ = {isa = PBXBuildFile; fileRef = DEB414952BED9F6800DEF655 /* CGFloatExtension.swift */; };
		DEB414982BF1633B00DEF655 /* TabRectangleExtension.swift in Sources */ = {isa = PBXBuildFile; fileRef = DEB414972BF1633B00DEF655 /* TabRectangleExtension.swift */; };
		DEB4149F2BF7004D00DEF655 /* PremiumPosterThumbnailView.swift in Sources */ = {isa = PBXBuildFile; fileRef = DEB4149E2BF7004D00DEF655 /* PremiumPosterThumbnailView.swift */; };
		DEB414A32BF7073600DEF655 /* ApiClientManager.swift in Sources */ = {isa = PBXBuildFile; fileRef = DEB414A22BF7073600DEF655 /* ApiClientManager.swift */; };
		DEB414A52BF8CC7500DEF655 /* PremiumPosterModel.swift in Sources */ = {isa = PBXBuildFile; fileRef = DEB414A42BF8CC7500DEF655 /* PremiumPosterModel.swift */; };
		DEB414A72BF8CE9600DEF655 /* FoodMenuModel.swift in Sources */ = {isa = PBXBuildFile; fileRef = DEB414A62BF8CE9600DEF655 /* FoodMenuModel.swift */; };
/* End PBXBuildFile section */

/* Begin PBXContainerItemProxy section */
		DE61C9332C1205D30058FEEF /* PBXContainerItemProxy */ = {
			isa = PBXContainerItemProxy;
			containerPortal = DEB414602BEA7D2300DEF655 /* Project object */;
			proxyType = 1;
			remoteGlobalIDString = DEB414672BEA7D2300DEF655;
			remoteInfo = ScrollableTabActionExample;
		};
/* End PBXContainerItemProxy section */

/* Begin PBXFileReference section */
		DE17390B2C06101000C13BCB /* FoodMenuRowView.swift */ = {isa = PBXFileReference; lastKnownFileType = sourcecode.swift; path = FoodMenuRowView.swift; sourceTree = "<group>"; };
		DE61C92F2C1205D30058FEEF /* ScrollableTabActionExampleTests.xctest */ = {isa = PBXFileReference; explicitFileType = wrapper.cfbundle; includeInIndex = 0; path = ScrollableTabActionExampleTests.xctest; sourceTree = BUILT_PRODUCTS_DIR; };
		DE61C9312C1205D30058FEEF /* ScrollableTabActionExampleTests.swift */ = {isa = PBXFileReference; lastKnownFileType = sourcecode.swift; path = ScrollableTabActionExampleTests.swift; sourceTree = "<group>"; };
		DE64D2892C0778170065D0F3 /* OffsetPreferenceKey.swift */ = {isa = PBXFileReference; lastKnownFileType = sourcecode.swift; path = OffsetPreferenceKey.swift; sourceTree = "<group>"; };
		DE64D28B2C0778CD0065D0F3 /* AutoScrollingTabsExtension.swift */ = {isa = PBXFileReference; lastKnownFileType = sourcecode.swift; path = AutoScrollingTabsExtension.swift; sourceTree = "<group>"; };
		DEB414682BEA7D2300DEF655 /* ScrollableTabActionExample.app */ = {isa = PBXFileReference; explicitFileType = wrapper.application; includeInIndex = 0; path = ScrollableTabActionExample.app; sourceTree = BUILT_PRODUCTS_DIR; };
		DEB4146B2BEA7D2300DEF655 /* ScrollableTabActionExampleApp.swift */ = {isa = PBXFileReference; lastKnownFileType = sourcecode.swift; path = ScrollableTabActionExampleApp.swift; sourceTree = "<group>"; };
		DEB4146D2BEA7D2300DEF655 /* ContentView.swift */ = {isa = PBXFileReference; lastKnownFileType = sourcecode.swift; path = ContentView.swift; sourceTree = "<group>"; };
		DEB4146F2BEA7D2400DEF655 /* Assets.xcassets */ = {isa = PBXFileReference; lastKnownFileType = folder.assetcatalog; path = Assets.xcassets; sourceTree = "<group>"; };
		DEB414722BEA7D2400DEF655 /* Preview Assets.xcassets */ = {isa = PBXFileReference; lastKnownFileType = folder.assetcatalog; path = "Preview Assets.xcassets"; sourceTree = "<group>"; };
		DEB4147B2BEA819600DEF655 /* AppDelegate.swift */ = {isa = PBXFileReference; lastKnownFileType = sourcecode.swift; path = AppDelegate.swift; sourceTree = "<group>"; };
		DEB4147E2BEA85EC00DEF655 /* FirstAppearExtension.swift */ = {isa = PBXFileReference; lastKnownFileType = sourcecode.swift; path = FirstAppearExtension.swift; sourceTree = "<group>"; };
		DEB414822BEA868100DEF655 /* ColorExtension.swift */ = {isa = PBXFileReference; lastKnownFileType = sourcecode.swift; path = ColorExtension.swift; sourceTree = "<group>"; };
		DEB414842BEA869000DEF655 /* UIColorExtension.swift */ = {isa = PBXFileReference; lastKnownFileType = sourcecode.swift; path = UIColorExtension.swift; sourceTree = "<group>"; };
		DEB414882BEA89F200DEF655 /* FoodMenuScreen.swift */ = {isa = PBXFileReference; lastKnownFileType = sourcecode.swift; path = FoodMenuScreen.swift; sourceTree = "<group>"; };
		DEB4148A2BEA89FB00DEF655 /* PremiumPosterScreen.swift */ = {isa = PBXFileReference; lastKnownFileType = sourcecode.swift; path = PremiumPosterScreen.swift; sourceTree = "<group>"; };
		DEB4148E2BEC2BC200DEF655 /* PosterLineupModel.swift */ = {isa = PBXFileReference; lastKnownFileType = sourcecode.swift; path = PosterLineupModel.swift; sourceTree = "<group>"; };
		DEB414912BEC2F3100DEF655 /* FoodMenuViewStateProvider.swift */ = {isa = PBXFileReference; lastKnownFileType = sourcecode.swift; path = FoodMenuViewStateProvider.swift; sourceTree = "<group>"; };
		DEB414932BEC2F4500DEF655 /* PremiumPosterViewStateProvider.swift */ = {isa = PBXFileReference; lastKnownFileType = sourcecode.swift; path = PremiumPosterViewStateProvider.swift; sourceTree = "<group>"; };
		DEB414952BED9F6800DEF655 /* CGFloatExtension.swift */ = {isa = PBXFileReference; lastKnownFileType = sourcecode.swift; path = CGFloatExtension.swift; sourceTree = "<group>"; };
		DEB414972BF1633B00DEF655 /* TabRectangleExtension.swift */ = {isa = PBXFileReference; lastKnownFileType = sourcecode.swift; path = TabRectangleExtension.swift; sourceTree = "<group>"; };
		DEB4149E2BF7004D00DEF655 /* PremiumPosterThumbnailView.swift */ = {isa = PBXFileReference; lastKnownFileType = sourcecode.swift; path = PremiumPosterThumbnailView.swift; sourceTree = "<group>"; };
		DEB414A22BF7073600DEF655 /* ApiClientManager.swift */ = {isa = PBXFileReference; lastKnownFileType = sourcecode.swift; path = ApiClientManager.swift; sourceTree = "<group>"; };
		DEB414A42BF8CC7500DEF655 /* PremiumPosterModel.swift */ = {isa = PBXFileReference; lastKnownFileType = sourcecode.swift; path = PremiumPosterModel.swift; sourceTree = "<group>"; };
		DEB414A62BF8CE9600DEF655 /* FoodMenuModel.swift */ = {isa = PBXFileReference; lastKnownFileType = sourcecode.swift; path = FoodMenuModel.swift; sourceTree = "<group>"; };
/* End PBXFileReference section */

/* Begin PBXFrameworksBuildPhase section */
		DE61C92C2C1205D30058FEEF /* Frameworks */ = {
			isa = PBXFrameworksBuildPhase;
			buildActionMask = 2147483647;
			files = (
				DE61C94C2C2207EB0058FEEF /* Testing in Frameworks */,
			);
			runOnlyForDeploymentPostprocessing = 0;
		};
		DEB414652BEA7D2300DEF655 /* Frameworks */ = {
			isa = PBXFrameworksBuildPhase;
			buildActionMask = 2147483647;
			files = (
			);
			runOnlyForDeploymentPostprocessing = 0;
		};
/* End PBXFrameworksBuildPhase section */

/* Begin PBXGroup section */
		DE17390A2C03EB5300C13BCB /* FoodMenuComponents */ = {
			isa = PBXGroup;
			children = (
				DE17390B2C06101000C13BCB /* FoodMenuRowView.swift */,
			);
			path = FoodMenuComponents;
			sourceTree = "<group>";
		};
		DE61C9302C1205D30058FEEF /* ScrollableTabActionExampleTests */ = {
			isa = PBXGroup;
			children = (
				DE61C9312C1205D30058FEEF /* ScrollableTabActionExampleTests.swift */,
			);
			path = ScrollableTabActionExampleTests;
			sourceTree = "<group>";
		};
		DE61C94A2C2207EB0058FEEF /* Frameworks */ = {
			isa = PBXGroup;
			children = (
			);
			name = Frameworks;
			sourceTree = "<group>";
		};
		DEB4145F2BEA7D2300DEF655 = {
			isa = PBXGroup;
			children = (
				DEB4146A2BEA7D2300DEF655 /* ScrollableTabActionExample */,
				DE61C9302C1205D30058FEEF /* ScrollableTabActionExampleTests */,
				DEB414692BEA7D2300DEF655 /* Products */,
				DE61C94A2C2207EB0058FEEF /* Frameworks */,
			);
			sourceTree = "<group>";
		};
		DEB414692BEA7D2300DEF655 /* Products */ = {
			isa = PBXGroup;
			children = (
				DEB414682BEA7D2300DEF655 /* ScrollableTabActionExample.app */,
				DE61C92F2C1205D30058FEEF /* ScrollableTabActionExampleTests.xctest */,
			);
			name = Products;
			sourceTree = "<group>";
		};
		DEB4146A2BEA7D2300DEF655 /* ScrollableTabActionExample */ = {
			isa = PBXGroup;
			children = (
				DEB4146B2BEA7D2300DEF655 /* ScrollableTabActionExampleApp.swift */,
				DEB4147B2BEA819600DEF655 /* AppDelegate.swift */,
				DEB4147A2BEA817100DEF655 /* Application */,
				DEB4146F2BEA7D2400DEF655 /* Assets.xcassets */,
				DEB414712BEA7D2400DEF655 /* Preview Content */,
			);
			path = ScrollableTabActionExample;
			sourceTree = "<group>";
		};
		DEB414712BEA7D2400DEF655 /* Preview Content */ = {
			isa = PBXGroup;
			children = (
				DEB414722BEA7D2400DEF655 /* Preview Assets.xcassets */,
			);
			path = "Preview Content";
			sourceTree = "<group>";
		};
		DEB414792BEA811200DEF655 /* Screen */ = {
			isa = PBXGroup;
			children = (
				DEB414872BEA89E100DEF655 /* FoodMenuScreen */,
				DEB414862BEA899100DEF655 /* PremiumPosterScreen */,
			);
			path = Screen;
			sourceTree = "<group>";
		};
		DEB4147A2BEA817100DEF655 /* Application */ = {
			isa = PBXGroup;
			children = (
				DEB4146D2BEA7D2300DEF655 /* ContentView.swift */,
				DEB4147D2BEA823200DEF655 /* Extension */,
				DEB414A12BF7071300DEF655 /* Infrastructure */,
				DEB4148C2BEC2B1600DEF655 /* Model */,
				DEB414A02BF7070900DEF655 /* Repository */,
				DEB414792BEA811200DEF655 /* Screen */,
				DEB4148D2BEC2B2F00DEF655 /* ViewStateProvider */,
			);
			path = Application;
			sourceTree = "<group>";
		};
		DEB4147D2BEA823200DEF655 /* Extension */ = {
			isa = PBXGroup;
			children = (
				DE64D28B2C0778CD0065D0F3 /* AutoScrollingTabsExtension.swift */,
				DEB414952BED9F6800DEF655 /* CGFloatExtension.swift */,
				DEB414822BEA868100DEF655 /* ColorExtension.swift */,
				DEB4147E2BEA85EC00DEF655 /* FirstAppearExtension.swift */,
				DE64D2892C0778170065D0F3 /* OffsetPreferenceKey.swift */,
				DEB414972BF1633B00DEF655 /* TabRectangleExtension.swift */,
				DEB414842BEA869000DEF655 /* UIColorExtension.swift */,
			);
			path = Extension;
			sourceTree = "<group>";
		};
		DEB414862BEA899100DEF655 /* PremiumPosterScreen */ = {
			isa = PBXGroup;
			children = (
				DEB4149B2BF6FDFF00DEF655 /* PremiumPosterComponents */,
				DEB4148A2BEA89FB00DEF655 /* PremiumPosterScreen.swift */,
			);
			path = PremiumPosterScreen;
			sourceTree = "<group>";
		};
		DEB414872BEA89E100DEF655 /* FoodMenuScreen */ = {
			isa = PBXGroup;
			children = (
				DE17390A2C03EB5300C13BCB /* FoodMenuComponents */,
				DEB414882BEA89F200DEF655 /* FoodMenuScreen.swift */,
			);
			path = FoodMenuScreen;
			sourceTree = "<group>";
		};
		DEB4148C2BEC2B1600DEF655 /* Model */ = {
			isa = PBXGroup;
			children = (
				DEB4148E2BEC2BC200DEF655 /* PosterLineupModel.swift */,
				DEB414A42BF8CC7500DEF655 /* PremiumPosterModel.swift */,
				DEB414A62BF8CE9600DEF655 /* FoodMenuModel.swift */,
			);
			path = Model;
			sourceTree = "<group>";
		};
		DEB4148D2BEC2B2F00DEF655 /* ViewStateProvider */ = {
			isa = PBXGroup;
			children = (
				DEB414912BEC2F3100DEF655 /* FoodMenuViewStateProvider.swift */,
				DEB414932BEC2F4500DEF655 /* PremiumPosterViewStateProvider.swift */,
			);
			path = ViewStateProvider;
			sourceTree = "<group>";
		};
		DEB4149B2BF6FDFF00DEF655 /* PremiumPosterComponents */ = {
			isa = PBXGroup;
			children = (
				DEB4149E2BF7004D00DEF655 /* PremiumPosterThumbnailView.swift */,
			);
			path = PremiumPosterComponents;
			sourceTree = "<group>";
		};
		DEB414A02BF7070900DEF655 /* Repository */ = {
			isa = PBXGroup;
			children = (
			);
			path = Repository;
			sourceTree = "<group>";
		};
		DEB414A12BF7071300DEF655 /* Infrastructure */ = {
			isa = PBXGroup;
			children = (
				DEB414A22BF7073600DEF655 /* ApiClientManager.swift */,
			);
			path = Infrastructure;
			sourceTree = "<group>";
		};
/* End PBXGroup section */

/* Begin PBXNativeTarget section */
		DE61C92E2C1205D30058FEEF /* ScrollableTabActionExampleTests */ = {
			isa = PBXNativeTarget;
			buildConfigurationList = DE61C9372C1205D30058FEEF /* Build configuration list for PBXNativeTarget "ScrollableTabActionExampleTests" */;
			buildPhases = (
				DE61C92B2C1205D30058FEEF /* Sources */,
				DE61C92C2C1205D30058FEEF /* Frameworks */,
				DE61C92D2C1205D30058FEEF /* Resources */,
			);
			buildRules = (
			);
			dependencies = (
				DE61C9342C1205D30058FEEF /* PBXTargetDependency */,
			);
			name = ScrollableTabActionExampleTests;
			packageProductDependencies = (
				DE61C94B2C2207EB0058FEEF /* Testing */,
			);
			productName = ScrollableTabActionExampleTests;
			productReference = DE61C92F2C1205D30058FEEF /* ScrollableTabActionExampleTests.xctest */;
			productType = "com.apple.product-type.bundle.unit-test";
		};
		DEB414672BEA7D2300DEF655 /* ScrollableTabActionExample */ = {
			isa = PBXNativeTarget;
			buildConfigurationList = DEB414762BEA7D2400DEF655 /* Build configuration list for PBXNativeTarget "ScrollableTabActionExample" */;
			buildPhases = (
				DEB414642BEA7D2300DEF655 /* Sources */,
				DEB414652BEA7D2300DEF655 /* Frameworks */,
				DEB414662BEA7D2300DEF655 /* Resources */,
			);
			buildRules = (
			);
			dependencies = (
			);
			name = ScrollableTabActionExample;
			packageProductDependencies = (
			);
			productName = ScrollableTabActionExample;
			productReference = DEB414682BEA7D2300DEF655 /* ScrollableTabActionExample.app */;
			productType = "com.apple.product-type.application";
		};
/* End PBXNativeTarget section */

/* Begin PBXProject section */
		DEB414602BEA7D2300DEF655 /* Project object */ = {
			isa = PBXProject;
			attributes = {
				BuildIndependentTargetsInParallel = 1;
				LastSwiftUpdateCheck = 1540;
				LastUpgradeCheck = 1530;
				TargetAttributes = {
					DE61C92E2C1205D30058FEEF = {
						CreatedOnToolsVersion = 15.4;
						TestTargetID = DEB414672BEA7D2300DEF655;
					};
					DEB414672BEA7D2300DEF655 = {
						CreatedOnToolsVersion = 15.3;
					};
				};
			};
			buildConfigurationList = DEB414632BEA7D2300DEF655 /* Build configuration list for PBXProject "ScrollableTabActionExample" */;
			compatibilityVersion = "Xcode 14.0";
			developmentRegion = en;
			hasScannedForEncodings = 0;
			knownRegions = (
				en,
				Base,
			);
			mainGroup = DEB4145F2BEA7D2300DEF655;
			packageReferences = (
				DE61C9492C2207DD0058FEEF /* XCRemoteSwiftPackageReference "swift-testing" */,
			);
			productRefGroup = DEB414692BEA7D2300DEF655 /* Products */;
			projectDirPath = "";
			projectRoot = "";
			targets = (
				DEB414672BEA7D2300DEF655 /* ScrollableTabActionExample */,
				DE61C92E2C1205D30058FEEF /* ScrollableTabActionExampleTests */,
			);
		};
/* End PBXProject section */

/* Begin PBXResourcesBuildPhase section */
		DE61C92D2C1205D30058FEEF /* Resources */ = {
			isa = PBXResourcesBuildPhase;
			buildActionMask = 2147483647;
			files = (
			);
			runOnlyForDeploymentPostprocessing = 0;
		};
		DEB414662BEA7D2300DEF655 /* Resources */ = {
			isa = PBXResourcesBuildPhase;
			buildActionMask = 2147483647;
			files = (
				DEB414732BEA7D2400DEF655 /* Preview Assets.xcassets in Resources */,
				DEB414702BEA7D2400DEF655 /* Assets.xcassets in Resources */,
			);
			runOnlyForDeploymentPostprocessing = 0;
		};
/* End PBXResourcesBuildPhase section */

/* Begin PBXSourcesBuildPhase section */
		DE61C92B2C1205D30058FEEF /* Sources */ = {
			isa = PBXSourcesBuildPhase;
			buildActionMask = 2147483647;
			files = (
				DE61C9322C1205D30058FEEF /* ScrollableTabActionExampleTests.swift in Sources */,
			);
			runOnlyForDeploymentPostprocessing = 0;
		};
		DEB414642BEA7D2300DEF655 /* Sources */ = {
			isa = PBXSourcesBuildPhase;
			buildActionMask = 2147483647;
			files = (
				DEB414962BED9F6800DEF655 /* CGFloatExtension.swift in Sources */,
				DEB4147C2BEA819600DEF655 /* AppDelegate.swift in Sources */,
				DE17390C2C06101000C13BCB /* FoodMenuRowView.swift in Sources */,
				DEB4148F2BEC2BC200DEF655 /* PosterLineupModel.swift in Sources */,
				DEB414852BEA869100DEF655 /* UIColorExtension.swift in Sources */,
				DEB4146E2BEA7D2300DEF655 /* ContentView.swift in Sources */,
				DEB414A32BF7073600DEF655 /* ApiClientManager.swift in Sources */,
				DEB4148B2BEA89FB00DEF655 /* PremiumPosterScreen.swift in Sources */,
				DE64D28A2C0778170065D0F3 /* OffsetPreferenceKey.swift in Sources */,
				DEB414892BEA89F200DEF655 /* FoodMenuScreen.swift in Sources */,
				DEB414832BEA868100DEF655 /* ColorExtension.swift in Sources */,
				DEB414922BEC2F3100DEF655 /* FoodMenuViewStateProvider.swift in Sources */,
				DE64D28C2C0778CD0065D0F3 /* AutoScrollingTabsExtension.swift in Sources */,
				DEB4149F2BF7004D00DEF655 /* PremiumPosterThumbnailView.swift in Sources */,
				DEB414A72BF8CE9600DEF655 /* FoodMenuModel.swift in Sources */,
				DEB4146C2BEA7D2300DEF655 /* ScrollableTabActionExampleApp.swift in Sources */,
				DEB414942BEC2F4500DEF655 /* PremiumPosterViewStateProvider.swift in Sources */,
				DEB4147F2BEA85EC00DEF655 /* FirstAppearExtension.swift in Sources */,
				DEB414A52BF8CC7500DEF655 /* PremiumPosterModel.swift in Sources */,
				DEB414982BF1633B00DEF655 /* TabRectangleExtension.swift in Sources */,
			);
			runOnlyForDeploymentPostprocessing = 0;
		};
/* End PBXSourcesBuildPhase section */

/* Begin PBXTargetDependency section */
		DE61C9342C1205D30058FEEF /* PBXTargetDependency */ = {
			isa = PBXTargetDependency;
			target = DEB414672BEA7D2300DEF655 /* ScrollableTabActionExample */;
			targetProxy = DE61C9332C1205D30058FEEF /* PBXContainerItemProxy */;
		};
/* End PBXTargetDependency section */

/* Begin XCBuildConfiguration section */
		DE61C9352C1205D30058FEEF /* Debug */ = {
			isa = XCBuildConfiguration;
			buildSettings = {
				BUNDLE_LOADER = "$(TEST_HOST)";
				CODE_SIGN_STYLE = Automatic;
				CURRENT_PROJECT_VERSION = 1;
				DEVELOPMENT_TEAM = S5BF5553KY;
				GENERATE_INFOPLIST_FILE = YES;
				IPHONEOS_DEPLOYMENT_TARGET = 17.5;
				MARKETING_VERSION = 1.0;
				PRODUCT_BUNDLE_IDENTIFIER = net.just1factory.ScrollableTabActionExampleTests;
				PRODUCT_NAME = "$(TARGET_NAME)";
				SWIFT_EMIT_LOC_STRINGS = NO;
				SWIFT_VERSION = 5.0;
				TARGETED_DEVICE_FAMILY = "1,2";
				TEST_HOST = "$(BUILT_PRODUCTS_DIR)/ScrollableTabActionExample.app/$(BUNDLE_EXECUTABLE_FOLDER_PATH)/ScrollableTabActionExample";
			};
			name = Debug;
		};
		DE61C9362C1205D30058FEEF /* Release */ = {
			isa = XCBuildConfiguration;
			buildSettings = {
				BUNDLE_LOADER = "$(TEST_HOST)";
				CODE_SIGN_STYLE = Automatic;
				CURRENT_PROJECT_VERSION = 1;
				DEVELOPMENT_TEAM = S5BF5553KY;
				GENERATE_INFOPLIST_FILE = YES;
				IPHONEOS_DEPLOYMENT_TARGET = 17.5;
				MARKETING_VERSION = 1.0;
				PRODUCT_BUNDLE_IDENTIFIER = net.just1factory.ScrollableTabActionExampleTests;
				PRODUCT_NAME = "$(TARGET_NAME)";
				SWIFT_EMIT_LOC_STRINGS = NO;
				SWIFT_VERSION = 5.0;
				TARGETED_DEVICE_FAMILY = "1,2";
				TEST_HOST = "$(BUILT_PRODUCTS_DIR)/ScrollableTabActionExample.app/$(BUNDLE_EXECUTABLE_FOLDER_PATH)/ScrollableTabActionExample";
			};
			name = Release;
		};
		DEB414742BEA7D2400DEF655 /* Debug */ = {
			isa = XCBuildConfiguration;
			buildSettings = {
				ALWAYS_SEARCH_USER_PATHS = NO;
				ASSETCATALOG_COMPILER_GENERATE_SWIFT_ASSET_SYMBOL_EXTENSIONS = YES;
				CLANG_ANALYZER_NONNULL = YES;
				CLANG_ANALYZER_NUMBER_OBJECT_CONVERSION = YES_AGGRESSIVE;
				CLANG_CXX_LANGUAGE_STANDARD = "gnu++20";
				CLANG_ENABLE_MODULES = YES;
				CLANG_ENABLE_OBJC_ARC = YES;
				CLANG_ENABLE_OBJC_WEAK = YES;
				CLANG_WARN_BLOCK_CAPTURE_AUTORELEASING = YES;
				CLANG_WARN_BOOL_CONVERSION = YES;
				CLANG_WARN_COMMA = YES;
				CLANG_WARN_CONSTANT_CONVERSION = YES;
				CLANG_WARN_DEPRECATED_OBJC_IMPLEMENTATIONS = YES;
				CLANG_WARN_DIRECT_OBJC_ISA_USAGE = YES_ERROR;
				CLANG_WARN_DOCUMENTATION_COMMENTS = YES;
				CLANG_WARN_EMPTY_BODY = YES;
				CLANG_WARN_ENUM_CONVERSION = YES;
				CLANG_WARN_INFINITE_RECURSION = YES;
				CLANG_WARN_INT_CONVERSION = YES;
				CLANG_WARN_NON_LITERAL_NULL_CONVERSION = YES;
				CLANG_WARN_OBJC_IMPLICIT_RETAIN_SELF = YES;
				CLANG_WARN_OBJC_LITERAL_CONVERSION = YES;
				CLANG_WARN_OBJC_ROOT_CLASS = YES_ERROR;
				CLANG_WARN_QUOTED_INCLUDE_IN_FRAMEWORK_HEADER = YES;
				CLANG_WARN_RANGE_LOOP_ANALYSIS = YES;
				CLANG_WARN_STRICT_PROTOTYPES = YES;
				CLANG_WARN_SUSPICIOUS_MOVE = YES;
				CLANG_WARN_UNGUARDED_AVAILABILITY = YES_AGGRESSIVE;
				CLANG_WARN_UNREACHABLE_CODE = YES;
				CLANG_WARN__DUPLICATE_METHOD_MATCH = YES;
				COPY_PHASE_STRIP = NO;
				DEBUG_INFORMATION_FORMAT = dwarf;
				ENABLE_STRICT_OBJC_MSGSEND = YES;
				ENABLE_TESTABILITY = YES;
				ENABLE_USER_SCRIPT_SANDBOXING = YES;
				GCC_C_LANGUAGE_STANDARD = gnu17;
				GCC_DYNAMIC_NO_PIC = NO;
				GCC_NO_COMMON_BLOCKS = YES;
				GCC_OPTIMIZATION_LEVEL = 0;
				GCC_PREPROCESSOR_DEFINITIONS = (
					"DEBUG=1",
					"$(inherited)",
				);
				GCC_WARN_64_TO_32_BIT_CONVERSION = YES;
				GCC_WARN_ABOUT_RETURN_TYPE = YES_ERROR;
				GCC_WARN_UNDECLARED_SELECTOR = YES;
				GCC_WARN_UNINITIALIZED_AUTOS = YES_AGGRESSIVE;
				GCC_WARN_UNUSED_FUNCTION = YES;
				GCC_WARN_UNUSED_VARIABLE = YES;
				IPHONEOS_DEPLOYMENT_TARGET = 17.4;
				LOCALIZATION_PREFERS_STRING_CATALOGS = YES;
				MTL_ENABLE_DEBUG_INFO = INCLUDE_SOURCE;
				MTL_FAST_MATH = YES;
				ONLY_ACTIVE_ARCH = YES;
				SDKROOT = iphoneos;
				SWIFT_ACTIVE_COMPILATION_CONDITIONS = "DEBUG $(inherited)";
				SWIFT_OPTIMIZATION_LEVEL = "-Onone";
			};
			name = Debug;
		};
		DEB414752BEA7D2400DEF655 /* Release */ = {
			isa = XCBuildConfiguration;
			buildSettings = {
				ALWAYS_SEARCH_USER_PATHS = NO;
				ASSETCATALOG_COMPILER_GENERATE_SWIFT_ASSET_SYMBOL_EXTENSIONS = YES;
				CLANG_ANALYZER_NONNULL = YES;
				CLANG_ANALYZER_NUMBER_OBJECT_CONVERSION = YES_AGGRESSIVE;
				CLANG_CXX_LANGUAGE_STANDARD = "gnu++20";
				CLANG_ENABLE_MODULES = YES;
				CLANG_ENABLE_OBJC_ARC = YES;
				CLANG_ENABLE_OBJC_WEAK = YES;
				CLANG_WARN_BLOCK_CAPTURE_AUTORELEASING = YES;
				CLANG_WARN_BOOL_CONVERSION = YES;
				CLANG_WARN_COMMA = YES;
				CLANG_WARN_CONSTANT_CONVERSION = YES;
				CLANG_WARN_DEPRECATED_OBJC_IMPLEMENTATIONS = YES;
				CLANG_WARN_DIRECT_OBJC_ISA_USAGE = YES_ERROR;
				CLANG_WARN_DOCUMENTATION_COMMENTS = YES;
				CLANG_WARN_EMPTY_BODY = YES;
				CLANG_WARN_ENUM_CONVERSION = YES;
				CLANG_WARN_INFINITE_RECURSION = YES;
				CLANG_WARN_INT_CONVERSION = YES;
				CLANG_WARN_NON_LITERAL_NULL_CONVERSION = YES;
				CLANG_WARN_OBJC_IMPLICIT_RETAIN_SELF = YES;
				CLANG_WARN_OBJC_LITERAL_CONVERSION = YES;
				CLANG_WARN_OBJC_ROOT_CLASS = YES_ERROR;
				CLANG_WARN_QUOTED_INCLUDE_IN_FRAMEWORK_HEADER = YES;
				CLANG_WARN_RANGE_LOOP_ANALYSIS = YES;
				CLANG_WARN_STRICT_PROTOTYPES = YES;
				CLANG_WARN_SUSPICIOUS_MOVE = YES;
				CLANG_WARN_UNGUARDED_AVAILABILITY = YES_AGGRESSIVE;
				CLANG_WARN_UNREACHABLE_CODE = YES;
				CLANG_WARN__DUPLICATE_METHOD_MATCH = YES;
				COPY_PHASE_STRIP = NO;
				DEBUG_INFORMATION_FORMAT = "dwarf-with-dsym";
				ENABLE_NS_ASSERTIONS = NO;
				ENABLE_STRICT_OBJC_MSGSEND = YES;
				ENABLE_USER_SCRIPT_SANDBOXING = YES;
				GCC_C_LANGUAGE_STANDARD = gnu17;
				GCC_NO_COMMON_BLOCKS = YES;
				GCC_WARN_64_TO_32_BIT_CONVERSION = YES;
				GCC_WARN_ABOUT_RETURN_TYPE = YES_ERROR;
				GCC_WARN_UNDECLARED_SELECTOR = YES;
				GCC_WARN_UNINITIALIZED_AUTOS = YES_AGGRESSIVE;
				GCC_WARN_UNUSED_FUNCTION = YES;
				GCC_WARN_UNUSED_VARIABLE = YES;
				IPHONEOS_DEPLOYMENT_TARGET = 17.4;
				LOCALIZATION_PREFERS_STRING_CATALOGS = YES;
				MTL_ENABLE_DEBUG_INFO = NO;
				MTL_FAST_MATH = YES;
				SDKROOT = iphoneos;
				SWIFT_COMPILATION_MODE = wholemodule;
				VALIDATE_PRODUCT = YES;
			};
			name = Release;
		};
		DEB414772BEA7D2400DEF655 /* Debug */ = {
			isa = XCBuildConfiguration;
			buildSettings = {
				ASSETCATALOG_COMPILER_APPICON_NAME = AppIcon;
				ASSETCATALOG_COMPILER_GLOBAL_ACCENT_COLOR_NAME = AccentColor;
				CODE_SIGN_STYLE = Automatic;
				CURRENT_PROJECT_VERSION = 1;
				DEVELOPMENT_ASSET_PATHS = "\"ScrollableTabActionExample/Preview Content\"";
				DEVELOPMENT_TEAM = S5BF5553KY;
				ENABLE_PREVIEWS = YES;
				GENERATE_INFOPLIST_FILE = YES;
				INFOPLIST_KEY_UIApplicationSceneManifest_Generation = YES;
				INFOPLIST_KEY_UIApplicationSupportsIndirectInputEvents = YES;
				INFOPLIST_KEY_UILaunchScreen_Generation = YES;
				INFOPLIST_KEY_UISupportedInterfaceOrientations = UIInterfaceOrientationPortrait;
				LD_RUNPATH_SEARCH_PATHS = (
					"$(inherited)",
					"@executable_path/Frameworks",
				);
				MARKETING_VERSION = 1.0;
				PRODUCT_BUNDLE_IDENTIFIER = net.just1factory.ScrollableTabActionExample;
				PRODUCT_NAME = "$(TARGET_NAME)";
				SWIFT_EMIT_LOC_STRINGS = YES;
				SWIFT_VERSION = 5.0;
				TARGETED_DEVICE_FAMILY = "1,2";
			};
			name = Debug;
		};
		DEB414782BEA7D2400DEF655 /* Release */ = {
			isa = XCBuildConfiguration;
			buildSettings = {
				ASSETCATALOG_COMPILER_APPICON_NAME = AppIcon;
				ASSETCATALOG_COMPILER_GLOBAL_ACCENT_COLOR_NAME = AccentColor;
				CODE_SIGN_STYLE = Automatic;
				CURRENT_PROJECT_VERSION = 1;
				DEVELOPMENT_ASSET_PATHS = "\"ScrollableTabActionExample/Preview Content\"";
				DEVELOPMENT_TEAM = S5BF5553KY;
				ENABLE_PREVIEWS = YES;
				GENERATE_INFOPLIST_FILE = YES;
				INFOPLIST_KEY_UIApplicationSceneManifest_Generation = YES;
				INFOPLIST_KEY_UIApplicationSupportsIndirectInputEvents = YES;
				INFOPLIST_KEY_UILaunchScreen_Generation = YES;
				INFOPLIST_KEY_UISupportedInterfaceOrientations = UIInterfaceOrientationPortrait;
				LD_RUNPATH_SEARCH_PATHS = (
					"$(inherited)",
					"@executable_path/Frameworks",
				);
				MARKETING_VERSION = 1.0;
				PRODUCT_BUNDLE_IDENTIFIER = net.just1factory.ScrollableTabActionExample;
				PRODUCT_NAME = "$(TARGET_NAME)";
				SWIFT_EMIT_LOC_STRINGS = YES;
				SWIFT_VERSION = 5.0;
				TARGETED_DEVICE_FAMILY = "1,2";
			};
			name = Release;
		};
/* End XCBuildConfiguration section */

/* Begin XCConfigurationList section */
		DE61C9372C1205D30058FEEF /* Build configuration list for PBXNativeTarget "ScrollableTabActionExampleTests" */ = {
			isa = XCConfigurationList;
			buildConfigurations = (
				DE61C9352C1205D30058FEEF /* Debug */,
				DE61C9362C1205D30058FEEF /* Release */,
			);
			defaultConfigurationIsVisible = 0;
			defaultConfigurationName = Release;
		};
		DEB414632BEA7D2300DEF655 /* Build configuration list for PBXProject "ScrollableTabActionExample" */ = {
			isa = XCConfigurationList;
			buildConfigurations = (
				DEB414742BEA7D2400DEF655 /* Debug */,
				DEB414752BEA7D2400DEF655 /* Release */,
			);
			defaultConfigurationIsVisible = 0;
			defaultConfigurationName = Release;
		};
		DEB414762BEA7D2400DEF655 /* Build configuration list for PBXNativeTarget "ScrollableTabActionExample" */ = {
			isa = XCConfigurationList;
			buildConfigurations = (
				DEB414772BEA7D2400DEF655 /* Debug */,
				DEB414782BEA7D2400DEF655 /* Release */,
			);
			defaultConfigurationIsVisible = 0;
			defaultConfigurationName = Release;
		};
/* End XCConfigurationList section */

/* Begin XCRemoteSwiftPackageReference section */
		DE61C9492C2207DD0058FEEF /* XCRemoteSwiftPackageReference "swift-testing" */ = {
			isa = XCRemoteSwiftPackageReference;
			repositoryURL = "https://github.com/apple/swift-testing.git";
			requirement = {
				kind = upToNextMajorVersion;
				minimumVersion = 0.10.0;
			};
		};
/* End XCRemoteSwiftPackageReference section */

/* Begin XCSwiftPackageProductDependency section */
		DE61C94B2C2207EB0058FEEF /* Testing */ = {
			isa = XCSwiftPackageProductDependency;
			package = DE61C9492C2207DD0058FEEF /* XCRemoteSwiftPackageReference "swift-testing" */;
			productName = Testing;
		};
/* End XCSwiftPackageProductDependency section */
	};
	rootObject = DEB414602BEA7D2300DEF655 /* Project object */;
}
