{
  "originHash" : "789649d88f090fbf8bfb95844971d924e4552ca66d982d352efe4ea8ad0f79ce",
  "pins" : [
    {
      "identity" : "sdwebimage",
      "kind" : "remoteSourceControl",
      "location" : "https://github.com/SDWebImage/SDWebImage.git",
      "state" : {
        "revision" : "5191b801aca999b704eb93f118f91468b4570571",
        "version" : "5.19.6"
      }
    },
    {
      "identity" : "sdwebimageswiftui",
      "kind" : "remoteSourceControl",
      "location" : "https://github.com/SDWebImage/SDWebImageSwiftUI.git",
      "state" : {
        "revision" : "5d462f7530677ae0c2b9510c26383aa25ba48751",
        "version" : "3.1.1"
      }
    },
    {
      "identity" : "swift-syntax",
      "kind" : "remoteSourceControl",
      "location" : "https://github.com/apple/swift-syntax.git",
      "state" : {
        "revision" : "4c6cc0a3b9e8f14b3ae2307c5ccae4de6167ac2c",
        "version" : "600.0.0-prerelease-2024-06-12"
      }
    },
    {
      "identity" : "swift-testing",
      "kind" : "remoteSourceControl",
      "location" : "https://github.com/apple/swift-testing.git",
      "state" : {
        "revision" : "69d59cfc76e5daf498ca61f5af409f594768eef9",
        "version" : "0.10.0"
      }
    }
  ],
  "version" : 3
}
